
Microsoft Visual Studio Solution File, Format Version 12.00
# Visual Studio 15
VisualStudioVersion = 15.0.27130.2027
MinimumVisualStudioVersion = 10.0.40219.1
Project("{FAE04EC0-301F-11D3-BF4B-00C04F79EFBC}") = "Patients", "Patients\Patients.csproj", "{E39C4336-0C91-432D-9A26-64A2BB7195AB}"
EndProject
Global
	GlobalSection(SolutionConfigurationPlatforms) = preSolution
		Debug|Any CPU = Debug|Any CPU
		Release|Any CPU = Release|Any CPU
	EndGlobalSection
	GlobalSection(ProjectConfigurationPlatforms) = postSolution
		{E39C4336-0C91-432D-9A26-64A2BB7195AB}.Debug|Any CPU.ActiveCfg = Debug|Any CPU
		{E39C4336-0C91-432D-9A26-64A2BB7195AB}.Debug|Any CPU.Build.0 = Debug|Any CPU
		{E39C4336-0C91-432D-9A26-64A2BB7195AB}.Release|Any CPU.ActiveCfg = Release|Any CPU
		{E39C4336-0C91-432D-9A26-64A2BB7195AB}.Release|Any CPU.Build.0 = Release|Any CPU
	EndGlobalSection
	GlobalSection(SolutionProperties) = preSolution
		HideSolutionNode = FALSE
	EndGlobalSection
	GlobalSection(ExtensibilityGlobals) = postSolution
		SolutionGuid = {6E25D621-632E-4DBA-9728-CBF667C6E7D2}
	EndGlobalSection
EndGlobal
